
Microsoft Visual Studio Solution File, Format Version 12.00
# Visual Studio Version 17
VisualStudioVersion = 17.5.002.0
MinimumVisualStudioVersion = 10.0.40219.1
Project("{9A19103F-16F7-4668-BE54-9A1E7A4F7556}") = "Lab06_Ex01", "Lab06_Ex01\Lab06_Ex01.csproj", "{7C8781F3-C131-463A-BB32-FE5C65149C31}"
EndProject
Global
	GlobalSection(SolutionConfigurationPlatforms) = preSolution
		Debug|Any CPU = Debug|Any CPU
		Release|Any CPU = Release|Any CPU
	EndGlobalSection
	GlobalSection(ProjectConfigurationPlatforms) = postSolution
		{7C8781F3-C131-463A-BB32-FE5C65149C31}.Debug|Any CPU.ActiveCfg = Debug|Any CPU
		{7C8781F3-C131-463A-BB32-FE5C65149C31}.Debug|Any CPU.Build.0 = Debug|Any CPU
		{7C8781F3-C131-463A-BB32-FE5C65149C31}.Release|Any CPU.ActiveCfg = Release|Any CPU
		{7C8781F3-C131-463A-BB32-FE5C65149C31}.Release|Any CPU.Build.0 = Release|Any CPU
	EndGlobalSection
	GlobalSection(SolutionProperties) = preSolution
		HideSolutionNode = FALSE
	EndGlobalSection
	GlobalSection(ExtensibilityGlobals) = postSolution
		SolutionGuid = {CAC2D4E1-B443-4028-8E98-0752353F73B4}
	EndGlobalSection
EndGlobal
